
Microsoft Visual Studio Solution File, Format Version 12.00
# Visual Studio 15
VisualStudioVersion = 15.0.28307.645
MinimumVisualStudioVersion = 10.0.40219.1
Project("{9A19103F-16F7-4668-BE54-9A1E7A4F7556}") = "GLToolingClient", "GLToolingClient\GLToolingClient.csproj", "{A99D0376-0ABE-40FF-B24C-BC367795FF02}"
EndProject
Project("{FAE04EC0-301F-11D3-BF4B-00C04F79EFBC}") = "GitBusiness", "GitBusiness\GitBusiness.csproj", "{08AEB6A8-2E72-41F1-B243-43BC28395CEC}"
EndProject
Global
	GlobalSection(SolutionConfigurationPlatforms) = preSolution
		Debug|Any CPU = Debug|Any CPU
		Release|Any CPU = Release|Any CPU
	EndGlobalSection
	GlobalSection(ProjectConfigurationPlatforms) = postSolution
		{A99D0376-0ABE-40FF-B24C-BC367795FF02}.Debug|Any CPU.ActiveCfg = Debug|Any CPU
		{A99D0376-0ABE-40FF-B24C-BC367795FF02}.Debug|Any CPU.Build.0 = Debug|Any CPU
		{A99D0376-0ABE-40FF-B24C-BC367795FF02}.Release|Any CPU.ActiveCfg = Release|Any CPU
		{A99D0376-0ABE-40FF-B24C-BC367795FF02}.Release|Any CPU.Build.0 = Release|Any CPU
		{08AEB6A8-2E72-41F1-B243-43BC28395CEC}.Debug|Any CPU.ActiveCfg = Debug|Any CPU
		{08AEB6A8-2E72-41F1-B243-43BC28395CEC}.Debug|Any CPU.Build.0 = Debug|Any CPU
		{08AEB6A8-2E72-41F1-B243-43BC28395CEC}.Release|Any CPU.ActiveCfg = Release|Any CPU
		{08AEB6A8-2E72-41F1-B243-43BC28395CEC}.Release|Any CPU.Build.0 = Release|Any CPU
	EndGlobalSection
	GlobalSection(SolutionProperties) = preSolution
		HideSolutionNode = FALSE
	EndGlobalSection
	GlobalSection(ExtensibilityGlobals) = postSolution
		SolutionGuid = {AF1D9336-4840-48E5-A24C-9C9F96409F40}
	EndGlobalSection
EndGlobal
